
Microsoft Visual Studio Solution File, Format Version 12.00
# Visual Studio Version 16
VisualStudioVersion = 16.0.28803.916
MinimumVisualStudioVersion = 10.0.40219.1
Project("{FAE04EC0-301F-11D3-BF4B-00C04F79EFBC}") = "work01", "work01\work01.csproj", "{6BFA4798-FBC7-4FE9-BB7E-B34F0569798F}"
EndProject
Global
	GlobalSection(SolutionConfigurationPlatforms) = preSolution
		Debug|Any CPU = Debug|Any CPU
		Release|Any CPU = Release|Any CPU
	EndGlobalSection
	GlobalSection(ProjectConfigurationPlatforms) = postSolution
		{6BFA4798-FBC7-4FE9-BB7E-B34F0569798F}.Debug|Any CPU.ActiveCfg = Debug|Any CPU
		{6BFA4798-FBC7-4FE9-BB7E-B34F0569798F}.Debug|Any CPU.Build.0 = Debug|Any CPU
		{6BFA4798-FBC7-4FE9-BB7E-B34F0569798F}.Release|Any CPU.ActiveCfg = Release|Any CPU
		{6BFA4798-FBC7-4FE9-BB7E-B34F0569798F}.Release|Any CPU.Build.0 = Release|Any CPU
	EndGlobalSection
	GlobalSection(SolutionProperties) = preSolution
		HideSolutionNode = FALSE
	EndGlobalSection
	GlobalSection(ExtensibilityGlobals) = postSolution
		SolutionGuid = {94C27BC8-A08E-41E1-B4CA-DCF0A538AE10}
	EndGlobalSection
EndGlobal
